
Microsoft Visual Studio Solution File, Format Version 12.00
# Visual Studio Version 17
VisualStudioVersion = 17.11.35327.3
MinimumVisualStudioVersion = 10.0.40219.1
Project("{FAE04EC0-301F-11D3-BF4B-00C04F79EFBC}") = "CaravanDontRest", "CaravanDontRest.csproj", "{C6F1ABD6-BF40-42FA-B670-58AE1A4FABBE}"
EndProject
Global
	GlobalSection(SolutionConfigurationPlatforms) = preSolution
		Debug|Any CPU = Debug|Any CPU
		Release|Any CPU = Release|Any CPU
	EndGlobalSection
	GlobalSection(ProjectConfigurationPlatforms) = postSolution
		{C6F1ABD6-BF40-42FA-B670-58AE1A4FABBE}.Debug|Any CPU.ActiveCfg = Debug|Any CPU
		{C6F1ABD6-BF40-42FA-B670-58AE1A4FABBE}.Debug|Any CPU.Build.0 = Debug|Any CPU
		{C6F1ABD6-BF40-42FA-B670-58AE1A4FABBE}.Release|Any CPU.ActiveCfg = Release|Any CPU
		{C6F1ABD6-BF40-42FA-B670-58AE1A4FABBE}.Release|Any CPU.Build.0 = Release|Any CPU
	EndGlobalSection
	GlobalSection(SolutionProperties) = preSolution
		HideSolutionNode = FALSE
	EndGlobalSection
	GlobalSection(ExtensibilityGlobals) = postSolution
		SolutionGuid = {F96D5ED7-8FF9-46CA-BFFB-AA4FA8EB8BDE}
	EndGlobalSection
EndGlobal
